
Microsoft Visual Studio Solution File, Format Version 12.00
# Visual Studio Version 16
VisualStudioVersion = 16.0.31112.23
MinimumVisualStudioVersion = 10.0.40219.1
Project("{FAE04EC0-301F-11D3-BF4B-00C04F79EFBC}") = "Benchmarks", "ConsoleApp1\Benchmarks.csproj", "{384A2829-A268-4429-849F-E2669E53DBB9}"
EndProject
Project("{FAE04EC0-301F-11D3-BF4B-00C04F79EFBC}") = "ClassLibrary1", "ClassLibrary1\ClassLibrary1.csproj", "{0EC3F557-7721-45CB-AFC1-93282C6E27A2}"
EndProject
Global
	GlobalSection(SolutionConfigurationPlatforms) = preSolution
		Debug|Any CPU = Debug|Any CPU
		Release|Any CPU = Release|Any CPU
	EndGlobalSection
	GlobalSection(ProjectConfigurationPlatforms) = postSolution
		{384A2829-A268-4429-849F-E2669E53DBB9}.Debug|Any CPU.ActiveCfg = Debug|Any CPU
		{384A2829-A268-4429-849F-E2669E53DBB9}.Debug|Any CPU.Build.0 = Debug|Any CPU
		{384A2829-A268-4429-849F-E2669E53DBB9}.Release|Any CPU.ActiveCfg = Release|Any CPU
		{384A2829-A268-4429-849F-E2669E53DBB9}.Release|Any CPU.Build.0 = Release|Any CPU
		{0EC3F557-7721-45CB-AFC1-93282C6E27A2}.Debug|Any CPU.ActiveCfg = Debug|Any CPU
		{0EC3F557-7721-45CB-AFC1-93282C6E27A2}.Debug|Any CPU.Build.0 = Debug|Any CPU
		{0EC3F557-7721-45CB-AFC1-93282C6E27A2}.Release|Any CPU.ActiveCfg = Release|Any CPU
		{0EC3F557-7721-45CB-AFC1-93282C6E27A2}.Release|Any CPU.Build.0 = Release|Any CPU
	EndGlobalSection
	GlobalSection(SolutionProperties) = preSolution
		HideSolutionNode = FALSE
	EndGlobalSection
	GlobalSection(ExtensibilityGlobals) = postSolution
		SolutionGuid = {670E5B8F-F1A6-456E-9640-1EBA5E4463C1}
	EndGlobalSection
EndGlobal
